// !$*UTF8*$!
{
	archiveVersion = 1;
	classes = {
	};
	objectVersion = 48;
	objects = {

/* Begin PBXBuildFile section */
		03644A2E24C3B81800858FAD /* Savedata.swift in Sources */ = {isa = PBXBuildFile; fileRef = 03644A2D24C3B81800858FAD /* Savedata.swift */; };
		13F5933C24C0FE5E00EF20F3 /* AppDelegate.swift in Sources */ = {isa = PBXBuildFile; fileRef = 13F5933B24C0FE5E00EF20F3 /* AppDelegate.swift */; };
		13F5933E24C0FE5E00EF20F3 /* ViewController.swift in Sources */ = {isa = PBXBuildFile; fileRef = 13F5933D24C0FE5E00EF20F3 /* ViewController.swift */; };
		13F5934124C0FE5E00EF20F3 /* Main.storyboard in Resources */ = {isa = PBXBuildFile; fileRef = 13F5933F24C0FE5E00EF20F3 /* Main.storyboard */; };
		13F5934324C0FE5E00EF20F3 /* Assets.xcassets in Resources */ = {isa = PBXBuildFile; fileRef = 13F5934224C0FE5E00EF20F3 /* Assets.xcassets */; };
		13F5934624C0FE5E00EF20F3 /* LaunchScreen.storyboard in Resources */ = {isa = PBXBuildFile; fileRef = 13F5934424C0FE5E00EF20F3 /* LaunchScreen.storyboard */; };
		13F5935024C1103000EF20F3 /* TableViewController.swift in Sources */ = {isa = PBXBuildFile; fileRef = 13F5934F24C1103000EF20F3 /* TableViewController.swift */; };
/* End PBXBuildFile section */

/* Begin PBXFileReference section */
		03644A2D24C3B81800858FAD /* Savedata.swift */ = {isa = PBXFileReference; lastKnownFileType = sourcecode.swift; path = Savedata.swift; sourceTree = "<group>"; };
		1313DBF724C60D13004467BA /* Screen Shot 2020-07-20 at 7.18.43 PM.png */ = {isa = PBXFileReference; lastKnownFileType = image.png; path = "Screen Shot 2020-07-20 at 7.18.43 PM.png"; sourceTree = "<group>"; };
		1313DBF924C60D43004467BA /* Screen Shot 2020-07-20 at 7.22.15 PM.png */ = {isa = PBXFileReference; lastKnownFileType = image.png; path = "Screen Shot 2020-07-20 at 7.22.15 PM.png"; sourceTree = "<group>"; };
		1313DBFA24C60D43004467BA /* Screen Shot 2020-07-20 at 7.22.45 PM.png */ = {isa = PBXFileReference; lastKnownFileType = image.png; path = "Screen Shot 2020-07-20 at 7.22.45 PM.png"; sourceTree = "<group>"; };
		1313DBFB24C60D43004467BA /* Screen Shot 2020-07-20 at 7.18.43 PM.png */ = {isa = PBXFileReference; lastKnownFileType = image.png; name = "Screen Shot 2020-07-20 at 7.18.43 PM.png"; path = "../../Screen Shot 2020-07-20 at 7.18.43 PM.png"; sourceTree = "<group>"; };
		1313DBFC24C60D43004467BA /* Screen Shot 2020-07-20 at 7.23.35 PM.png */ = {isa = PBXFileReference; lastKnownFileType = image.png; path = "Screen Shot 2020-07-20 at 7.23.35 PM.png"; sourceTree = "<group>"; };
		1313DBFD24C60D44004467BA /* Screen Shot 2020-07-20 at 7.22.32 PM.png */ = {isa = PBXFileReference; lastKnownFileType = image.png; path = "Screen Shot 2020-07-20 at 7.22.32 PM.png"; sourceTree = "<group>"; };
		1313DBFE24C60D44004467BA /* Screen Shot 2020-07-20 at 7.24.09 PM.png */ = {isa = PBXFileReference; lastKnownFileType = image.png; path = "Screen Shot 2020-07-20 at 7.24.09 PM.png"; sourceTree = "<group>"; };
		1313DBFF24C60D44004467BA /* Screen Shot 2020-07-20 at 7.21.52 PM.png */ = {isa = PBXFileReference; lastKnownFileType = image.png; path = "Screen Shot 2020-07-20 at 7.21.52 PM.png"; sourceTree = "<group>"; };
		1313DC0024C60D44004467BA /* Screen Shot 2020-07-20 at 7.24.28 PM.png */ = {isa = PBXFileReference; lastKnownFileType = image.png; path = "Screen Shot 2020-07-20 at 7.24.28 PM.png"; sourceTree = "<group>"; };
		13F5933824C0FE5E00EF20F3 /* iosApp.app */ = {isa = PBXFileReference; explicitFileType = wrapper.application; includeInIndex = 0; path = iosApp.app; sourceTree = BUILT_PRODUCTS_DIR; };
		13F5933B24C0FE5E00EF20F3 /* AppDelegate.swift */ = {isa = PBXFileReference; lastKnownFileType = sourcecode.swift; path = AppDelegate.swift; sourceTree = "<group>"; };
		13F5933D24C0FE5E00EF20F3 /* ViewController.swift */ = {isa = PBXFileReference; lastKnownFileType = sourcecode.swift; path = ViewController.swift; sourceTree = "<group>"; };
		13F5934024C0FE5E00EF20F3 /* Base */ = {isa = PBXFileReference; lastKnownFileType = file.storyboard; name = Base; path = Base.lproj/Main.storyboard; sourceTree = "<group>"; };
		13F5934224C0FE5E00EF20F3 /* Assets.xcassets */ = {isa = PBXFileReference; lastKnownFileType = folder.assetcatalog; path = Assets.xcassets; sourceTree = "<group>"; };
		13F5934524C0FE5E00EF20F3 /* Base */ = {isa = PBXFileReference; lastKnownFileType = file.storyboard; name = Base; path = Base.lproj/LaunchScreen.storyboard; sourceTree = "<group>"; };
		13F5934724C0FE5E00EF20F3 /* Info.plist */ = {isa = PBXFileReference; lastKnownFileType = text.plist.xml; path = Info.plist; sourceTree = "<group>"; };
		13F5934F24C1103000EF20F3 /* TableViewController.swift */ = {isa = PBXFileReference; lastKnownFileType = sourcecode.swift; path = TableViewController.swift; sourceTree = "<group>"; };
/* End PBXFileReference section */

/* Begin PBXFrameworksBuildPhase section */
		13F5933524C0FE5E00EF20F3 /* Frameworks */ = {
			isa = PBXFrameworksBuildPhase;
			buildActionMask = 2147483647;
			files = (
			);
			runOnlyForDeploymentPostprocessing = 0;
		};
/* End PBXFrameworksBuildPhase section */

/* Begin PBXGroup section */
		1313DBF824C60D34004467BA /* screenshots */ = {
			isa = PBXGroup;
			children = (
				1313DBFB24C60D43004467BA /* Screen Shot 2020-07-20 at 7.18.43 PM.png */,
				1313DBFF24C60D44004467BA /* Screen Shot 2020-07-20 at 7.21.52 PM.png */,
				1313DBF924C60D43004467BA /* Screen Shot 2020-07-20 at 7.22.15 PM.png */,
				1313DBFD24C60D44004467BA /* Screen Shot 2020-07-20 at 7.22.32 PM.png */,
				1313DBFA24C60D43004467BA /* Screen Shot 2020-07-20 at 7.22.45 PM.png */,
				1313DBFC24C60D43004467BA /* Screen Shot 2020-07-20 at 7.23.35 PM.png */,
				1313DBFE24C60D44004467BA /* Screen Shot 2020-07-20 at 7.24.09 PM.png */,
				1313DC0024C60D44004467BA /* Screen Shot 2020-07-20 at 7.24.28 PM.png */,
				1313DBF724C60D13004467BA /* Screen Shot 2020-07-20 at 7.18.43 PM.png */,
			);
			path = screenshots;
			sourceTree = "<group>";
		};
		13F5932F24C0FE5E00EF20F3 = {
			isa = PBXGroup;
			children = (
				1313DBF824C60D34004467BA /* screenshots */,
				13F5933A24C0FE5E00EF20F3 /* iosApp */,
				13F5933924C0FE5E00EF20F3 /* Products */,
			);
			sourceTree = "<group>";
		};
		13F5933924C0FE5E00EF20F3 /* Products */ = {
			isa = PBXGroup;
			children = (
				13F5933824C0FE5E00EF20F3 /* iosApp.app */,
			);
			name = Products;
			sourceTree = "<group>";
		};
		13F5933A24C0FE5E00EF20F3 /* iosApp */ = {
			isa = PBXGroup;
			children = (
				13F5933B24C0FE5E00EF20F3 /* AppDelegate.swift */,
				13F5933D24C0FE5E00EF20F3 /* ViewController.swift */,
				03644A2D24C3B81800858FAD /* Savedata.swift */,
				13F5933F24C0FE5E00EF20F3 /* Main.storyboard */,
				13F5934224C0FE5E00EF20F3 /* Assets.xcassets */,
				13F5934424C0FE5E00EF20F3 /* LaunchScreen.storyboard */,
				13F5934724C0FE5E00EF20F3 /* Info.plist */,
				13F5934F24C1103000EF20F3 /* TableViewController.swift */,
			);
			path = iosApp;
			sourceTree = "<group>";
		};
/* End PBXGroup section */

/* Begin PBXNativeTarget section */
		13F5933724C0FE5E00EF20F3 /* iosApp */ = {
			isa = PBXNativeTarget;
			buildConfigurationList = 13F5934A24C0FE5E00EF20F3 /* Build configuration list for PBXNativeTarget "iosApp" */;
			buildPhases = (
				13F5933424C0FE5E00EF20F3 /* Sources */,
				13F5933524C0FE5E00EF20F3 /* Frameworks */,
				13F5933624C0FE5E00EF20F3 /* Resources */,
			);
			buildRules = (
			);
			dependencies = (
			);
			name = iosApp;
			productName = iosApp;
			productReference = 13F5933824C0FE5E00EF20F3 /* iosApp.app */;
			productType = "com.apple.product-type.application";
		};
/* End PBXNativeTarget section */

/* Begin PBXProject section */
		13F5933024C0FE5E00EF20F3 /* Project object */ = {
			isa = PBXProject;
			attributes = {
				LastSwiftUpdateCheck = 0920;
				LastUpgradeCheck = 0920;
				ORGANIZATIONNAME = GrFL;
				TargetAttributes = {
					13F5933724C0FE5E00EF20F3 = {
						CreatedOnToolsVersion = 9.2;
						ProvisioningStyle = Automatic;
					};
				};
			};
			buildConfigurationList = 13F5933324C0FE5E00EF20F3 /* Build configuration list for PBXProject "iosApp" */;
			compatibilityVersion = "Xcode 8.0";
			developmentRegion = en;
			hasScannedForEncodings = 0;
			knownRegions = (
				en,
				Base,
			);
			mainGroup = 13F5932F24C0FE5E00EF20F3;
			productRefGroup = 13F5933924C0FE5E00EF20F3 /* Products */;
			projectDirPath = "";
			projectRoot = "";
			targets = (
				13F5933724C0FE5E00EF20F3 /* iosApp */,
			);
		};
/* End PBXProject section */

/* Begin PBXResourcesBuildPhase section */
		13F5933624C0FE5E00EF20F3 /* Resources */ = {
			isa = PBXResourcesBuildPhase;
			buildActionMask = 2147483647;
			files = (
				13F5934624C0FE5E00EF20F3 /* LaunchScreen.storyboard in Resources */,
				13F5934324C0FE5E00EF20F3 /* Assets.xcassets in Resources */,
				13F5934124C0FE5E00EF20F3 /* Main.storyboard in Resources */,
			);
			runOnlyForDeploymentPostprocessing = 0;
		};
/* End PBXResourcesBuildPhase section */

/* Begin PBXSourcesBuildPhase section */
		13F5933424C0FE5E00EF20F3 /* Sources */ = {
			isa = PBXSourcesBuildPhase;
			buildActionMask = 2147483647;
			files = (
				13F5933E24C0FE5E00EF20F3 /* ViewController.swift in Sources */,
				13F5935024C1103000EF20F3 /* TableViewController.swift in Sources */,
				03644A2E24C3B81800858FAD /* Savedata.swift in Sources */,
				13F5933C24C0FE5E00EF20F3 /* AppDelegate.swift in Sources */,
			);
			runOnlyForDeploymentPostprocessing = 0;
		};
/* End PBXSourcesBuildPhase section */

/* Begin PBXVariantGroup section */
		13F5933F24C0FE5E00EF20F3 /* Main.storyboard */ = {
			isa = PBXVariantGroup;
			children = (
				13F5934024C0FE5E00EF20F3 /* Base */,
			);
			name = Main.storyboard;
			sourceTree = "<group>";
		};
		13F5934424C0FE5E00EF20F3 /* LaunchScreen.storyboard */ = {
			isa = PBXVariantGroup;
			children = (
				13F5934524C0FE5E00EF20F3 /* Base */,
			);
			name = LaunchScreen.storyboard;
			sourceTree = "<group>";
		};
/* End PBXVariantGroup section */

/* Begin XCBuildConfiguration section */
		13F5934824C0FE5E00EF20F3 /* Debug */ = {
			isa = XCBuildConfiguration;
			buildSettings = {
				ALWAYS_SEARCH_USER_PATHS = NO;
				CLANG_ANALYZER_NONNULL = YES;
				CLANG_ANALYZER_NUMBER_OBJECT_CONVERSION = YES_AGGRESSIVE;
				CLANG_CXX_LANGUAGE_STANDARD = "gnu++14";
				CLANG_CXX_LIBRARY = "libc++";
				CLANG_ENABLE_MODULES = YES;
				CLANG_ENABLE_OBJC_ARC = YES;
				CLANG_WARN_BLOCK_CAPTURE_AUTORELEASING = YES;
				CLANG_WARN_BOOL_CONVERSION = YES;
				CLANG_WARN_COMMA = YES;
				CLANG_WARN_CONSTANT_CONVERSION = YES;
				CLANG_WARN_DIRECT_OBJC_ISA_USAGE = YES_ERROR;
				CLANG_WARN_DOCUMENTATION_COMMENTS = YES;
				CLANG_WARN_EMPTY_BODY = YES;
				CLANG_WARN_ENUM_CONVERSION = YES;
				CLANG_WARN_INFINITE_RECURSION = YES;
				CLANG_WARN_INT_CONVERSION = YES;
				CLANG_WARN_NON_LITERAL_NULL_CONVERSION = YES;
				CLANG_WARN_OBJC_LITERAL_CONVERSION = YES;
				CLANG_WARN_OBJC_ROOT_CLASS = YES_ERROR;
				CLANG_WARN_RANGE_LOOP_ANALYSIS = YES;
				CLANG_WARN_STRICT_PROTOTYPES = YES;
				CLANG_WARN_SUSPICIOUS_MOVE = YES;
				CLANG_WARN_UNGUARDED_AVAILABILITY = YES_AGGRESSIVE;
				CLANG_WARN_UNREACHABLE_CODE = YES;
				CLANG_WARN__DUPLICATE_METHOD_MATCH = YES;
				CODE_SIGN_IDENTITY = "iPhone Developer";
				COPY_PHASE_STRIP = NO;
				DEBUG_INFORMATION_FORMAT = dwarf;
				ENABLE_STRICT_OBJC_MSGSEND = YES;
				ENABLE_TESTABILITY = YES;
				GCC_C_LANGUAGE_STANDARD = gnu11;
				GCC_DYNAMIC_NO_PIC = NO;
				GCC_NO_COMMON_BLOCKS = YES;
				GCC_OPTIMIZATION_LEVEL = 0;
				GCC_PREPROCESSOR_DEFINITIONS = (
					"DEBUG=1",
					"$(inherited)",
				);
				GCC_WARN_64_TO_32_BIT_CONVERSION = YES;
				GCC_WARN_ABOUT_RETURN_TYPE = YES_ERROR;
				GCC_WARN_UNDECLARED_SELECTOR = YES;
				GCC_WARN_UNINITIALIZED_AUTOS = YES_AGGRESSIVE;
				GCC_WARN_UNUSED_FUNCTION = YES;
				GCC_WARN_UNUSED_VARIABLE = YES;
				IPHONEOS_DEPLOYMENT_TARGET = 11.2;
				MTL_ENABLE_DEBUG_INFO = YES;
				ONLY_ACTIVE_ARCH = YES;
				SDKROOT = iphoneos;
				SWIFT_ACTIVE_COMPILATION_CONDITIONS = DEBUG;
				SWIFT_OPTIMIZATION_LEVEL = "-Onone";
			};
			name = Debug;
		};
		13F5934924C0FE5E00EF20F3 /* Release */ = {
			isa = XCBuildConfiguration;
			buildSettings = {
				ALWAYS_SEARCH_USER_PATHS = NO;
				CLANG_ANALYZER_NONNULL = YES;
				CLANG_ANALYZER_NUMBER_OBJECT_CONVERSION = YES_AGGRESSIVE;
				CLANG_CXX_LANGUAGE_STANDARD = "gnu++14";
				CLANG_CXX_LIBRARY = "libc++";
				CLANG_ENABLE_MODULES = YES;
				CLANG_ENABLE_OBJC_ARC = YES;
				CLANG_WARN_BLOCK_CAPTURE_AUTORELEASING = YES;
				CLANG_WARN_BOOL_CONVERSION = YES;
				CLANG_WARN_COMMA = YES;
				CLANG_WARN_CONSTANT_CONVERSION = YES;
				CLANG_WARN_DIRECT_OBJC_ISA_USAGE = YES_ERROR;
				CLANG_WARN_DOCUMENTATION_COMMENTS = YES;
				CLANG_WARN_EMPTY_BODY = YES;
				CLANG_WARN_ENUM_CONVERSION = YES;
				CLANG_WARN_INFINITE_RECURSION = YES;
				CLANG_WARN_INT_CONVERSION = YES;
				CLANG_WARN_NON_LITERAL_NULL_CONVERSION = YES;
				CLANG_WARN_OBJC_LITERAL_CONVERSION = YES;
				CLANG_WARN_OBJC_ROOT_CLASS = YES_ERROR;
				CLANG_WARN_RANGE_LOOP_ANALYSIS = YES;
				CLANG_WARN_STRICT_PROTOTYPES = YES;
				CLANG_WARN_SUSPICIOUS_MOVE = YES;
				CLANG_WARN_UNGUARDED_AVAILABILITY = YES_AGGRESSIVE;
				CLANG_WARN_UNREACHABLE_CODE = YES;
				CLANG_WARN__DUPLICATE_METHOD_MATCH = YES;
				CODE_SIGN_IDENTITY = "iPhone Developer";
				COPY_PHASE_STRIP = NO;
				DEBUG_INFORMATION_FORMAT = "dwarf-with-dsym";
				ENABLE_NS_ASSERTIONS = NO;
				ENABLE_STRICT_OBJC_MSGSEND = YES;
				GCC_C_LANGUAGE_STANDARD = gnu11;
				GCC_NO_COMMON_BLOCKS = YES;
				GCC_WARN_64_TO_32_BIT_CONVERSION = YES;
				GCC_WARN_ABOUT_RETURN_TYPE = YES_ERROR;
				GCC_WARN_UNDECLARED_SELECTOR = YES;
				GCC_WARN_UNINITIALIZED_AUTOS = YES_AGGRESSIVE;
				GCC_WARN_UNUSED_FUNCTION = YES;
				GCC_WARN_UNUSED_VARIABLE = YES;
				IPHONEOS_DEPLOYMENT_TARGET = 11.2;
				MTL_ENABLE_DEBUG_INFO = NO;
				SDKROOT = iphoneos;
				SWIFT_OPTIMIZATION_LEVEL = "-Owholemodule";
				VALIDATE_PRODUCT = YES;
			};
			name = Release;
		};
		13F5934B24C0FE5E00EF20F3 /* Debug */ = {
			isa = XCBuildConfiguration;
			buildSettings = {
				ASSETCATALOG_COMPILER_APPICON_NAME = AppIcon;
				CODE_SIGN_STYLE = Automatic;
				INFOPLIST_FILE = iosApp/Info.plist;
				LD_RUNPATH_SEARCH_PATHS = "$(inherited) @executable_path/Frameworks";
				PRODUCT_BUNDLE_IDENTIFIER = com.kompani.iosApp;
				PRODUCT_NAME = "$(TARGET_NAME)";
				SWIFT_VERSION = 4.0;
				TARGETED_DEVICE_FAMILY = "1,2";
			};
			name = Debug;
		};
		13F5934C24C0FE5E00EF20F3 /* Release */ = {
			isa = XCBuildConfiguration;
			buildSettings = {
				ASSETCATALOG_COMPILER_APPICON_NAME = AppIcon;
				CODE_SIGN_STYLE = Automatic;
				INFOPLIST_FILE = iosApp/Info.plist;
				LD_RUNPATH_SEARCH_PATHS = "$(inherited) @executable_path/Frameworks";
				PRODUCT_BUNDLE_IDENTIFIER = com.kompani.iosApp;
				PRODUCT_NAME = "$(TARGET_NAME)";
				SWIFT_VERSION = 4.0;
				TARGETED_DEVICE_FAMILY = "1,2";
			};
			name = Release;
		};
/* End XCBuildConfiguration section */

/* Begin XCConfigurationList section */
		13F5933324C0FE5E00EF20F3 /* Build configuration list for PBXProject "iosApp" */ = {
			isa = XCConfigurationList;
			buildConfigurations = (
				13F5934824C0FE5E00EF20F3 /* Debug */,
				13F5934924C0FE5E00EF20F3 /* Release */,
			);
			defaultConfigurationIsVisible = 0;
			defaultConfigurationName = Release;
		};
		13F5934A24C0FE5E00EF20F3 /* Build configuration list for PBXNativeTarget "iosApp" */ = {
			isa = XCConfigurationList;
			buildConfigurations = (
				13F5934B24C0FE5E00EF20F3 /* Debug */,
				13F5934C24C0FE5E00EF20F3 /* Release */,
			);
			defaultConfigurationIsVisible = 0;
			defaultConfigurationName = Release;
		};
/* End XCConfigurationList section */
	};
	rootObject = 13F5933024C0FE5E00EF20F3 /* Project object */;
}
